
Microsoft Visual Studio Solution File, Format Version 12.00
# Visual Studio Version 17
VisualStudioVersion = 17.7.34221.43
MinimumVisualStudioVersion = 10.0.40219.1
Project("{FAE04EC0-301F-11D3-BF4B-00C04F79EFBC}") = "ReqFerramentas", "ReqFerramentas\ReqFerramentas.csproj", "{FA99BE66-81C8-4403-B4BE-7F871A410878}"
EndProject
Global
	GlobalSection(SolutionConfigurationPlatforms) = preSolution
		Debug|Any CPU = Debug|Any CPU
		Release|Any CPU = Release|Any CPU
	EndGlobalSection
	GlobalSection(ProjectConfigurationPlatforms) = postSolution
		{FA99BE66-81C8-4403-B4BE-7F871A410878}.Debug|Any CPU.ActiveCfg = Debug|Any CPU
		{FA99BE66-81C8-4403-B4BE-7F871A410878}.Debug|Any CPU.Build.0 = Debug|Any CPU
		{FA99BE66-81C8-4403-B4BE-7F871A410878}.Release|Any CPU.ActiveCfg = Release|Any CPU
		{FA99BE66-81C8-4403-B4BE-7F871A410878}.Release|Any CPU.Build.0 = Release|Any CPU
	EndGlobalSection
	GlobalSection(SolutionProperties) = preSolution
		HideSolutionNode = FALSE
	EndGlobalSection
	GlobalSection(ExtensibilityGlobals) = postSolution
		SolutionGuid = {E3EB3E2E-D678-412C-B59B-B0B0998AE113}
	EndGlobalSection
EndGlobal
